# This file is automatically @generated by Cargo.
# It is not intended for manual editing.
version = 4

[[package]]
name = "pbech32"
version = "0.2.0"
source = "registry+https://github.com/rust-lang/crates.io-index"
checksum = "7ddeaca89ab3124862d93e4b9d32638c669423b670e3576741d4156531cce293"

[[package]]
name = "pbech32-hunt"
version = "0.0.0"
dependencies = [
 "pbech32",
]
